// !$*UTF8*$!
{
	archiveVersion = 1;
	classes = {
	};
	objectVersion = 50;
	objects = {

/* Begin PBXBuildFile section */
		222D50BF262EE47400B69BEF /* BrewsListView.swift in Sources */ = {isa = PBXBuildFile; fileRef = 222D50BE262EE47400B69BEF /* BrewsListView.swift */; };
		222D50CA262EE6DF00B69BEF /* BrewView.swift in Sources */ = {isa = PBXBuildFile; fileRef = 222D50C9262EE6DF00B69BEF /* BrewView.swift */; };
		222D50D2262F235F00B69BEF /* Styles.swift in Sources */ = {isa = PBXBuildFile; fileRef = 222D50D1262F235F00B69BEF /* Styles.swift */; };
		222D50DA262F2B4400B69BEF /* ReadingsView.swift in Sources */ = {isa = PBXBuildFile; fileRef = 222D50D9262F2B4400B69BEF /* ReadingsView.swift */; };
		222D50E52630350A00B69BEF /* Reading.swift in Sources */ = {isa = PBXBuildFile; fileRef = 222D50E42630350A00B69BEF /* Reading.swift */; };
		2256D0EB2608DA6800C61DC7 /* BubblerApp.swift in Sources */ = {isa = PBXBuildFile; fileRef = 2256D0EA2608DA6800C61DC7 /* BubblerApp.swift */; };
		2256D0ED2608DA6800C61DC7 /* ContentView.swift in Sources */ = {isa = PBXBuildFile; fileRef = 2256D0EC2608DA6800C61DC7 /* ContentView.swift */; };
		2256D0EF2608DA6900C61DC7 /* Assets.xcassets in Resources */ = {isa = PBXBuildFile; fileRef = 2256D0EE2608DA6900C61DC7 /* Assets.xcassets */; };
		2256D0F22608DA6900C61DC7 /* Preview Assets.xcassets in Resources */ = {isa = PBXBuildFile; fileRef = 2256D0F12608DA6900C61DC7 /* Preview Assets.xcassets */; };
		2256D0FD2608DA6900C61DC7 /* BubblerTests.swift in Sources */ = {isa = PBXBuildFile; fileRef = 2256D0FC2608DA6900C61DC7 /* BubblerTests.swift */; };
		2256D1082608DA6900C61DC7 /* BubblerUITests.swift in Sources */ = {isa = PBXBuildFile; fileRef = 2256D1072608DA6900C61DC7 /* BubblerUITests.swift */; };
		2256D11A2608E9B500C61DC7 /* Brew.swift in Sources */ = {isa = PBXBuildFile; fileRef = 2256D1182608E9B400C61DC7 /* Brew.swift */; };
/* End PBXBuildFile section */

/* Begin PBXContainerItemProxy section */
		2256D0F92608DA6900C61DC7 /* PBXContainerItemProxy */ = {
			isa = PBXContainerItemProxy;
			containerPortal = 2256D0DF2608DA6800C61DC7 /* Project object */;
			proxyType = 1;
			remoteGlobalIDString = 2256D0E62608DA6800C61DC7;
			remoteInfo = Bubbler;
		};
		2256D1042608DA6900C61DC7 /* PBXContainerItemProxy */ = {
			isa = PBXContainerItemProxy;
			containerPortal = 2256D0DF2608DA6800C61DC7 /* Project object */;
			proxyType = 1;
			remoteGlobalIDString = 2256D0E62608DA6800C61DC7;
			remoteInfo = Bubbler;
		};
/* End PBXContainerItemProxy section */

/* Begin PBXFileReference section */
		222D50BE262EE47400B69BEF /* BrewsListView.swift */ = {isa = PBXFileReference; lastKnownFileType = sourcecode.swift; path = BrewsListView.swift; sourceTree = "<group>"; };
		222D50C9262EE6DF00B69BEF /* BrewView.swift */ = {isa = PBXFileReference; lastKnownFileType = sourcecode.swift; path = BrewView.swift; sourceTree = "<group>"; };
		222D50D1262F235F00B69BEF /* Styles.swift */ = {isa = PBXFileReference; lastKnownFileType = sourcecode.swift; path = Styles.swift; sourceTree = "<group>"; };
		222D50D9262F2B4400B69BEF /* ReadingsView.swift */ = {isa = PBXFileReference; lastKnownFileType = sourcecode.swift; path = ReadingsView.swift; sourceTree = "<group>"; };
		222D50E42630350A00B69BEF /* Reading.swift */ = {isa = PBXFileReference; lastKnownFileType = sourcecode.swift; path = Reading.swift; sourceTree = "<group>"; };
		2256D0E72608DA6800C61DC7 /* Bubbler.app */ = {isa = PBXFileReference; explicitFileType = wrapper.application; includeInIndex = 0; path = Bubbler.app; sourceTree = BUILT_PRODUCTS_DIR; };
		2256D0EA2608DA6800C61DC7 /* BubblerApp.swift */ = {isa = PBXFileReference; lastKnownFileType = sourcecode.swift; path = BubblerApp.swift; sourceTree = "<group>"; };
		2256D0EC2608DA6800C61DC7 /* ContentView.swift */ = {isa = PBXFileReference; lastKnownFileType = sourcecode.swift; path = ContentView.swift; sourceTree = "<group>"; };
		2256D0EE2608DA6900C61DC7 /* Assets.xcassets */ = {isa = PBXFileReference; lastKnownFileType = folder.assetcatalog; path = Assets.xcassets; sourceTree = "<group>"; };
		2256D0F12608DA6900C61DC7 /* Preview Assets.xcassets */ = {isa = PBXFileReference; lastKnownFileType = folder.assetcatalog; path = "Preview Assets.xcassets"; sourceTree = "<group>"; };
		2256D0F32608DA6900C61DC7 /* Info.plist */ = {isa = PBXFileReference; lastKnownFileType = text.plist.xml; path = Info.plist; sourceTree = "<group>"; };
		2256D0F82608DA6900C61DC7 /* BubblerTests.xctest */ = {isa = PBXFileReference; explicitFileType = wrapper.cfbundle; includeInIndex = 0; path = BubblerTests.xctest; sourceTree = BUILT_PRODUCTS_DIR; };
		2256D0FC2608DA6900C61DC7 /* BubblerTests.swift */ = {isa = PBXFileReference; lastKnownFileType = sourcecode.swift; path = BubblerTests.swift; sourceTree = "<group>"; };
		2256D0FE2608DA6900C61DC7 /* Info.plist */ = {isa = PBXFileReference; lastKnownFileType = text.plist.xml; path = Info.plist; sourceTree = "<group>"; };
		2256D1032608DA6900C61DC7 /* BubblerUITests.xctest */ = {isa = PBXFileReference; explicitFileType = wrapper.cfbundle; includeInIndex = 0; path = BubblerUITests.xctest; sourceTree = BUILT_PRODUCTS_DIR; };
		2256D1072608DA6900C61DC7 /* BubblerUITests.swift */ = {isa = PBXFileReference; lastKnownFileType = sourcecode.swift; path = BubblerUITests.swift; sourceTree = "<group>"; };
		2256D1092608DA6900C61DC7 /* Info.plist */ = {isa = PBXFileReference; lastKnownFileType = text.plist.xml; path = Info.plist; sourceTree = "<group>"; };
		2256D1182608E9B400C61DC7 /* Brew.swift */ = {isa = PBXFileReference; fileEncoding = 4; lastKnownFileType = sourcecode.swift; path = Brew.swift; sourceTree = "<group>"; };
/* End PBXFileReference section */

/* Begin PBXFrameworksBuildPhase section */
		2256D0E42608DA6800C61DC7 /* Frameworks */ = {
			isa = PBXFrameworksBuildPhase;
			buildActionMask = 2147483647;
			files = (
			);
			runOnlyForDeploymentPostprocessing = 0;
		};
		2256D0F52608DA6900C61DC7 /* Frameworks */ = {
			isa = PBXFrameworksBuildPhase;
			buildActionMask = 2147483647;
			files = (
			);
			runOnlyForDeploymentPostprocessing = 0;
		};
		2256D1002608DA6900C61DC7 /* Frameworks */ = {
			isa = PBXFrameworksBuildPhase;
			buildActionMask = 2147483647;
			files = (
			);
			runOnlyForDeploymentPostprocessing = 0;
		};
/* End PBXFrameworksBuildPhase section */

/* Begin PBXGroup section */
		222D50EC2630360C00B69BEF /* Models */ = {
			isa = PBXGroup;
			children = (
				2256D1182608E9B400C61DC7 /* Brew.swift */,
				222D50E42630350A00B69BEF /* Reading.swift */,
			);
			path = Models;
			sourceTree = "<group>";
		};
		222D50F12630368300B69BEF /* Views */ = {
			isa = PBXGroup;
			children = (
				2256D0EC2608DA6800C61DC7 /* ContentView.swift */,
				222D50BE262EE47400B69BEF /* BrewsListView.swift */,
				222D50C9262EE6DF00B69BEF /* BrewView.swift */,
				222D50D9262F2B4400B69BEF /* ReadingsView.swift */,
			);
			path = Views;
			sourceTree = "<group>";
		};
		2256D0DE2608DA6800C61DC7 = {
			isa = PBXGroup;
			children = (
				2256D0E92608DA6800C61DC7 /* Bubbler */,
				2256D0FB2608DA6900C61DC7 /* BubblerTests */,
				2256D1062608DA6900C61DC7 /* BubblerUITests */,
				2256D0E82608DA6800C61DC7 /* Products */,
			);
			sourceTree = "<group>";
		};
		2256D0E82608DA6800C61DC7 /* Products */ = {
			isa = PBXGroup;
			children = (
				2256D0E72608DA6800C61DC7 /* Bubbler.app */,
				2256D0F82608DA6900C61DC7 /* BubblerTests.xctest */,
				2256D1032608DA6900C61DC7 /* BubblerUITests.xctest */,
			);
			name = Products;
			sourceTree = "<group>";
		};
		2256D0E92608DA6800C61DC7 /* Bubbler */ = {
			isa = PBXGroup;
			children = (
				2256D0EA2608DA6800C61DC7 /* BubblerApp.swift */,
				222D50F12630368300B69BEF /* Views */,
				222D50EC2630360C00B69BEF /* Models */,
				2256D0EE2608DA6900C61DC7 /* Assets.xcassets */,
				2256D0F32608DA6900C61DC7 /* Info.plist */,
				222D50D1262F235F00B69BEF /* Styles.swift */,
				2256D0F02608DA6900C61DC7 /* Preview Content */,
			);
			path = Bubbler;
			sourceTree = "<group>";
		};
		2256D0F02608DA6900C61DC7 /* Preview Content */ = {
			isa = PBXGroup;
			children = (
				2256D0F12608DA6900C61DC7 /* Preview Assets.xcassets */,
			);
			path = "Preview Content";
			sourceTree = "<group>";
		};
		2256D0FB2608DA6900C61DC7 /* BubblerTests */ = {
			isa = PBXGroup;
			children = (
				2256D0FC2608DA6900C61DC7 /* BubblerTests.swift */,
				2256D0FE2608DA6900C61DC7 /* Info.plist */,
			);
			path = BubblerTests;
			sourceTree = "<group>";
		};
		2256D1062608DA6900C61DC7 /* BubblerUITests */ = {
			isa = PBXGroup;
			children = (
				2256D1072608DA6900C61DC7 /* BubblerUITests.swift */,
				2256D1092608DA6900C61DC7 /* Info.plist */,
			);
			path = BubblerUITests;
			sourceTree = "<group>";
		};
/* End PBXGroup section */

/* Begin PBXNativeTarget section */
		2256D0E62608DA6800C61DC7 /* Bubbler */ = {
			isa = PBXNativeTarget;
			buildConfigurationList = 2256D10C2608DA6900C61DC7 /* Build configuration list for PBXNativeTarget "Bubbler" */;
			buildPhases = (
				2256D0E32608DA6800C61DC7 /* Sources */,
				2256D0E42608DA6800C61DC7 /* Frameworks */,
				2256D0E52608DA6800C61DC7 /* Resources */,
			);
			buildRules = (
			);
			dependencies = (
			);
			name = Bubbler;
			productName = Bubbler;
			productReference = 2256D0E72608DA6800C61DC7 /* Bubbler.app */;
			productType = "com.apple.product-type.application";
		};
		2256D0F72608DA6900C61DC7 /* BubblerTests */ = {
			isa = PBXNativeTarget;
			buildConfigurationList = 2256D10F2608DA6900C61DC7 /* Build configuration list for PBXNativeTarget "BubblerTests" */;
			buildPhases = (
				2256D0F42608DA6900C61DC7 /* Sources */,
				2256D0F52608DA6900C61DC7 /* Frameworks */,
				2256D0F62608DA6900C61DC7 /* Resources */,
			);
			buildRules = (
			);
			dependencies = (
				2256D0FA2608DA6900C61DC7 /* PBXTargetDependency */,
			);
			name = BubblerTests;
			productName = BubblerTests;
			productReference = 2256D0F82608DA6900C61DC7 /* BubblerTests.xctest */;
			productType = "com.apple.product-type.bundle.unit-test";
		};
		2256D1022608DA6900C61DC7 /* BubblerUITests */ = {
			isa = PBXNativeTarget;
			buildConfigurationList = 2256D1122608DA6900C61DC7 /* Build configuration list for PBXNativeTarget "BubblerUITests" */;
			buildPhases = (
				2256D0FF2608DA6900C61DC7 /* Sources */,
				2256D1002608DA6900C61DC7 /* Frameworks */,
				2256D1012608DA6900C61DC7 /* Resources */,
			);
			buildRules = (
			);
			dependencies = (
				2256D1052608DA6900C61DC7 /* PBXTargetDependency */,
			);
			name = BubblerUITests;
			productName = BubblerUITests;
			productReference = 2256D1032608DA6900C61DC7 /* BubblerUITests.xctest */;
			productType = "com.apple.product-type.bundle.ui-testing";
		};
/* End PBXNativeTarget section */

/* Begin PBXProject section */
		2256D0DF2608DA6800C61DC7 /* Project object */ = {
			isa = PBXProject;
			attributes = {
				LastSwiftUpdateCheck = 1240;
				LastUpgradeCheck = 1240;
				TargetAttributes = {
					2256D0E62608DA6800C61DC7 = {
						CreatedOnToolsVersion = 12.4;
					};
					2256D0F72608DA6900C61DC7 = {
						CreatedOnToolsVersion = 12.4;
						TestTargetID = 2256D0E62608DA6800C61DC7;
					};
					2256D1022608DA6900C61DC7 = {
						CreatedOnToolsVersion = 12.4;
						TestTargetID = 2256D0E62608DA6800C61DC7;
					};
				};
			};
			buildConfigurationList = 2256D0E22608DA6800C61DC7 /* Build configuration list for PBXProject "Bubbler" */;
			compatibilityVersion = "Xcode 9.3";
			developmentRegion = en;
			hasScannedForEncodings = 0;
			knownRegions = (
				en,
				Base,
			);
			mainGroup = 2256D0DE2608DA6800C61DC7;
			productRefGroup = 2256D0E82608DA6800C61DC7 /* Products */;
			projectDirPath = "";
			projectRoot = "";
			targets = (
				2256D0E62608DA6800C61DC7 /* Bubbler */,
				2256D0F72608DA6900C61DC7 /* BubblerTests */,
				2256D1022608DA6900C61DC7 /* BubblerUITests */,
			);
		};
/* End PBXProject section */

/* Begin PBXResourcesBuildPhase section */
		2256D0E52608DA6800C61DC7 /* Resources */ = {
			isa = PBXResourcesBuildPhase;
			buildActionMask = 2147483647;
			files = (
				2256D0F22608DA6900C61DC7 /* Preview Assets.xcassets in Resources */,
				2256D0EF2608DA6900C61DC7 /* Assets.xcassets in Resources */,
			);
			runOnlyForDeploymentPostprocessing = 0;
		};
		2256D0F62608DA6900C61DC7 /* Resources */ = {
			isa = PBXResourcesBuildPhase;
			buildActionMask = 2147483647;
			files = (
			);
			runOnlyForDeploymentPostprocessing = 0;
		};
		2256D1012608DA6900C61DC7 /* Resources */ = {
			isa = PBXResourcesBuildPhase;
			buildActionMask = 2147483647;
			files = (
			);
			runOnlyForDeploymentPostprocessing = 0;
		};
/* End PBXResourcesBuildPhase section */

/* Begin PBXSourcesBuildPhase section */
		2256D0E32608DA6800C61DC7 /* Sources */ = {
			isa = PBXSourcesBuildPhase;
			buildActionMask = 2147483647;
			files = (
				222D50CA262EE6DF00B69BEF /* BrewView.swift in Sources */,
				222D50BF262EE47400B69BEF /* BrewsListView.swift in Sources */,
				222D50E52630350A00B69BEF /* Reading.swift in Sources */,
				2256D0ED2608DA6800C61DC7 /* ContentView.swift in Sources */,
				222D50D2262F235F00B69BEF /* Styles.swift in Sources */,
				2256D11A2608E9B500C61DC7 /* Brew.swift in Sources */,
				222D50DA262F2B4400B69BEF /* ReadingsView.swift in Sources */,
				2256D0EB2608DA6800C61DC7 /* BubblerApp.swift in Sources */,
			);
			runOnlyForDeploymentPostprocessing = 0;
		};
		2256D0F42608DA6900C61DC7 /* Sources */ = {
			isa = PBXSourcesBuildPhase;
			buildActionMask = 2147483647;
			files = (
				2256D0FD2608DA6900C61DC7 /* BubblerTests.swift in Sources */,
			);
			runOnlyForDeploymentPostprocessing = 0;
		};
		2256D0FF2608DA6900C61DC7 /* Sources */ = {
			isa = PBXSourcesBuildPhase;
			buildActionMask = 2147483647;
			files = (
				2256D1082608DA6900C61DC7 /* BubblerUITests.swift in Sources */,
			);
			runOnlyForDeploymentPostprocessing = 0;
		};
/* End PBXSourcesBuildPhase section */

/* Begin PBXTargetDependency section */
		2256D0FA2608DA6900C61DC7 /* PBXTargetDependency */ = {
			isa = PBXTargetDependency;
			target = 2256D0E62608DA6800C61DC7 /* Bubbler */;
			targetProxy = 2256D0F92608DA6900C61DC7 /* PBXContainerItemProxy */;
		};
		2256D1052608DA6900C61DC7 /* PBXTargetDependency */ = {
			isa = PBXTargetDependency;
			target = 2256D0E62608DA6800C61DC7 /* Bubbler */;
			targetProxy = 2256D1042608DA6900C61DC7 /* PBXContainerItemProxy */;
		};
/* End PBXTargetDependency section */

/* Begin XCBuildConfiguration section */
		2256D10A2608DA6900C61DC7 /* Debug */ = {
			isa = XCBuildConfiguration;
			buildSettings = {
				ALWAYS_SEARCH_USER_PATHS = NO;
				CLANG_ANALYZER_NONNULL = YES;
				CLANG_ANALYZER_NUMBER_OBJECT_CONVERSION = YES_AGGRESSIVE;
				CLANG_CXX_LANGUAGE_STANDARD = "gnu++14";
				CLANG_CXX_LIBRARY = "libc++";
				CLANG_ENABLE_MODULES = YES;
				CLANG_ENABLE_OBJC_ARC = YES;
				CLANG_ENABLE_OBJC_WEAK = YES;
				CLANG_WARN_BLOCK_CAPTURE_AUTORELEASING = YES;
				CLANG_WARN_BOOL_CONVERSION = YES;
				CLANG_WARN_COMMA = YES;
				CLANG_WARN_CONSTANT_CONVERSION = YES;
				CLANG_WARN_DEPRECATED_OBJC_IMPLEMENTATIONS = YES;
				CLANG_WARN_DIRECT_OBJC_ISA_USAGE = YES_ERROR;
				CLANG_WARN_DOCUMENTATION_COMMENTS = YES;
				CLANG_WARN_EMPTY_BODY = YES;
				CLANG_WARN_ENUM_CONVERSION = YES;
				CLANG_WARN_INFINITE_RECURSION = YES;
				CLANG_WARN_INT_CONVERSION = YES;
				CLANG_WARN_NON_LITERAL_NULL_CONVERSION = YES;
				CLANG_WARN_OBJC_IMPLICIT_RETAIN_SELF = YES;
				CLANG_WARN_OBJC_LITERAL_CONVERSION = YES;
				CLANG_WARN_OBJC_ROOT_CLASS = YES_ERROR;
				CLANG_WARN_QUOTED_INCLUDE_IN_FRAMEWORK_HEADER = YES;
				CLANG_WARN_RANGE_LOOP_ANALYSIS = YES;
				CLANG_WARN_STRICT_PROTOTYPES = YES;
				CLANG_WARN_SUSPICIOUS_MOVE = YES;
				CLANG_WARN_UNGUARDED_AVAILABILITY = YES_AGGRESSIVE;
				CLANG_WARN_UNREACHABLE_CODE = YES;
				CLANG_WARN__DUPLICATE_METHOD_MATCH = YES;
				COPY_PHASE_STRIP = NO;
				DEBUG_INFORMATION_FORMAT = dwarf;
				ENABLE_STRICT_OBJC_MSGSEND = YES;
				ENABLE_TESTABILITY = YES;
				GCC_C_LANGUAGE_STANDARD = gnu11;
				GCC_DYNAMIC_NO_PIC = NO;
				GCC_NO_COMMON_BLOCKS = YES;
				GCC_OPTIMIZATION_LEVEL = 0;
				GCC_PREPROCESSOR_DEFINITIONS = (
					"DEBUG=1",
					"$(inherited)",
				);
				GCC_WARN_64_TO_32_BIT_CONVERSION = YES;
				GCC_WARN_ABOUT_RETURN_TYPE = YES_ERROR;
				GCC_WARN_UNDECLARED_SELECTOR = YES;
				GCC_WARN_UNINITIALIZED_AUTOS = YES_AGGRESSIVE;
				GCC_WARN_UNUSED_FUNCTION = YES;
				GCC_WARN_UNUSED_VARIABLE = YES;
				IPHONEOS_DEPLOYMENT_TARGET = 14.4;
				MTL_ENABLE_DEBUG_INFO = INCLUDE_SOURCE;
				MTL_FAST_MATH = YES;
				ONLY_ACTIVE_ARCH = YES;
				SDKROOT = iphoneos;
				SWIFT_ACTIVE_COMPILATION_CONDITIONS = DEBUG;
				SWIFT_OPTIMIZATION_LEVEL = "-Onone";
			};
			name = Debug;
		};
		2256D10B2608DA6900C61DC7 /* Release */ = {
			isa = XCBuildConfiguration;
			buildSettings = {
				ALWAYS_SEARCH_USER_PATHS = NO;
				CLANG_ANALYZER_NONNULL = YES;
				CLANG_ANALYZER_NUMBER_OBJECT_CONVERSION = YES_AGGRESSIVE;
				CLANG_CXX_LANGUAGE_STANDARD = "gnu++14";
				CLANG_CXX_LIBRARY = "libc++";
				CLANG_ENABLE_MODULES = YES;
				CLANG_ENABLE_OBJC_ARC = YES;
				CLANG_ENABLE_OBJC_WEAK = YES;
				CLANG_WARN_BLOCK_CAPTURE_AUTORELEASING = YES;
				CLANG_WARN_BOOL_CONVERSION = YES;
				CLANG_WARN_COMMA = YES;
				CLANG_WARN_CONSTANT_CONVERSION = YES;
				CLANG_WARN_DEPRECATED_OBJC_IMPLEMENTATIONS = YES;
				CLANG_WARN_DIRECT_OBJC_ISA_USAGE = YES_ERROR;
				CLANG_WARN_DOCUMENTATION_COMMENTS = YES;
				CLANG_WARN_EMPTY_BODY = YES;
				CLANG_WARN_ENUM_CONVERSION = YES;
				CLANG_WARN_INFINITE_RECURSION = YES;
				CLANG_WARN_INT_CONVERSION = YES;
				CLANG_WARN_NON_LITERAL_NULL_CONVERSION = YES;
				CLANG_WARN_OBJC_IMPLICIT_RETAIN_SELF = YES;
				CLANG_WARN_OBJC_LITERAL_CONVERSION = YES;
				CLANG_WARN_OBJC_ROOT_CLASS = YES_ERROR;
				CLANG_WARN_QUOTED_INCLUDE_IN_FRAMEWORK_HEADER = YES;
				CLANG_WARN_RANGE_LOOP_ANALYSIS = YES;
				CLANG_WARN_STRICT_PROTOTYPES = YES;
				CLANG_WARN_SUSPICIOUS_MOVE = YES;
				CLANG_WARN_UNGUARDED_AVAILABILITY = YES_AGGRESSIVE;
				CLANG_WARN_UNREACHABLE_CODE = YES;
				CLANG_WARN__DUPLICATE_METHOD_MATCH = YES;
				COPY_PHASE_STRIP = NO;
				DEBUG_INFORMATION_FORMAT = "dwarf-with-dsym";
				ENABLE_NS_ASSERTIONS = NO;
				ENABLE_STRICT_OBJC_MSGSEND = YES;
				GCC_C_LANGUAGE_STANDARD = gnu11;
				GCC_NO_COMMON_BLOCKS = YES;
				GCC_WARN_64_TO_32_BIT_CONVERSION = YES;
				GCC_WARN_ABOUT_RETURN_TYPE = YES_ERROR;
				GCC_WARN_UNDECLARED_SELECTOR = YES;
				GCC_WARN_UNINITIALIZED_AUTOS = YES_AGGRESSIVE;
				GCC_WARN_UNUSED_FUNCTION = YES;
				GCC_WARN_UNUSED_VARIABLE = YES;
				IPHONEOS_DEPLOYMENT_TARGET = 14.4;
				MTL_ENABLE_DEBUG_INFO = NO;
				MTL_FAST_MATH = YES;
				SDKROOT = iphoneos;
				SWIFT_COMPILATION_MODE = wholemodule;
				SWIFT_OPTIMIZATION_LEVEL = "-O";
				VALIDATE_PRODUCT = YES;
			};
			name = Release;
		};
		2256D10D2608DA6900C61DC7 /* Debug */ = {
			isa = XCBuildConfiguration;
			buildSettings = {
				ASSETCATALOG_COMPILER_APPICON_NAME = AppIcon;
				ASSETCATALOG_COMPILER_GLOBAL_ACCENT_COLOR_NAME = AccentColor;
				CODE_SIGN_STYLE = Automatic;
				DEVELOPMENT_ASSET_PATHS = "\"Bubbler/Preview Content\"";
				DEVELOPMENT_TEAM = 7322XULHGT;
				ENABLE_PREVIEWS = YES;
				INFOPLIST_FILE = Bubbler/Info.plist;
				IPHONEOS_DEPLOYMENT_TARGET = 14.0;
				LD_RUNPATH_SEARCH_PATHS = (
					"$(inherited)",
					"@executable_path/Frameworks",
				);
				PRODUCT_BUNDLE_IDENTIFIER = samkirkapps.Bubbler;
				PRODUCT_NAME = "$(TARGET_NAME)";
				SWIFT_VERSION = 5.0;
				TARGETED_DEVICE_FAMILY = "1,2";
			};
			name = Debug;
		};
		2256D10E2608DA6900C61DC7 /* Release */ = {
			isa = XCBuildConfiguration;
			buildSettings = {
				ASSETCATALOG_COMPILER_APPICON_NAME = AppIcon;
				ASSETCATALOG_COMPILER_GLOBAL_ACCENT_COLOR_NAME = AccentColor;
				CODE_SIGN_STYLE = Automatic;
				DEVELOPMENT_ASSET_PATHS = "\"Bubbler/Preview Content\"";
				DEVELOPMENT_TEAM = 7322XULHGT;
				ENABLE_PREVIEWS = YES;
				INFOPLIST_FILE = Bubbler/Info.plist;
				IPHONEOS_DEPLOYMENT_TARGET = 14.0;
				LD_RUNPATH_SEARCH_PATHS = (
					"$(inherited)",
					"@executable_path/Frameworks",
				);
				PRODUCT_BUNDLE_IDENTIFIER = samkirkapps.Bubbler;
				PRODUCT_NAME = "$(TARGET_NAME)";
				SWIFT_VERSION = 5.0;
				TARGETED_DEVICE_FAMILY = "1,2";
			};
			name = Release;
		};
		2256D1102608DA6900C61DC7 /* Debug */ = {
			isa = XCBuildConfiguration;
			buildSettings = {
				ALWAYS_EMBED_SWIFT_STANDARD_LIBRARIES = YES;
				BUNDLE_LOADER = "$(TEST_HOST)";
				CODE_SIGN_STYLE = Automatic;
				DEVELOPMENT_TEAM = 7322XULHGT;
				INFOPLIST_FILE = BubblerTests/Info.plist;
				IPHONEOS_DEPLOYMENT_TARGET = 14.0;
				LD_RUNPATH_SEARCH_PATHS = (
					"$(inherited)",
					"@executable_path/Frameworks",
					"@loader_path/Frameworks",
				);
				PRODUCT_BUNDLE_IDENTIFIER = samkirkapps.BubblerTests;
				PRODUCT_NAME = "$(TARGET_NAME)";
				SWIFT_VERSION = 5.0;
				TARGETED_DEVICE_FAMILY = "1,2";
				TEST_HOST = "$(BUILT_PRODUCTS_DIR)/Bubbler.app/Bubbler";
			};
			name = Debug;
		};
		2256D1112608DA6900C61DC7 /* Release */ = {
			isa = XCBuildConfiguration;
			buildSettings = {
				ALWAYS_EMBED_SWIFT_STANDARD_LIBRARIES = YES;
				BUNDLE_LOADER = "$(TEST_HOST)";
				CODE_SIGN_STYLE = Automatic;
				DEVELOPMENT_TEAM = 7322XULHGT;
				INFOPLIST_FILE = BubblerTests/Info.plist;
				IPHONEOS_DEPLOYMENT_TARGET = 14.0;
				LD_RUNPATH_SEARCH_PATHS = (
					"$(inherited)",
					"@executable_path/Frameworks",
					"@loader_path/Frameworks",
				);
				PRODUCT_BUNDLE_IDENTIFIER = samkirkapps.BubblerTests;
				PRODUCT_NAME = "$(TARGET_NAME)";
				SWIFT_VERSION = 5.0;
				TARGETED_DEVICE_FAMILY = "1,2";
				TEST_HOST = "$(BUILT_PRODUCTS_DIR)/Bubbler.app/Bubbler";
			};
			name = Release;
		};
		2256D1132608DA6900C61DC7 /* Debug */ = {
			isa = XCBuildConfiguration;
			buildSettings = {
				ALWAYS_EMBED_SWIFT_STANDARD_LIBRARIES = YES;
				CODE_SIGN_STYLE = Automatic;
				DEVELOPMENT_TEAM = 7322XULHGT;
				INFOPLIST_FILE = BubblerUITests/Info.plist;
				LD_RUNPATH_SEARCH_PATHS = (
					"$(inherited)",
					"@executable_path/Frameworks",
					"@loader_path/Frameworks",
				);
				PRODUCT_BUNDLE_IDENTIFIER = samkirkapps.BubblerUITests;
				PRODUCT_NAME = "$(TARGET_NAME)";
				SWIFT_VERSION = 5.0;
				TARGETED_DEVICE_FAMILY = "1,2";
				TEST_TARGET_NAME = Bubbler;
			};
			name = Debug;
		};
		2256D1142608DA6900C61DC7 /* Release */ = {
			isa = XCBuildConfiguration;
			buildSettings = {
				ALWAYS_EMBED_SWIFT_STANDARD_LIBRARIES = YES;
				CODE_SIGN_STYLE = Automatic;
				DEVELOPMENT_TEAM = 7322XULHGT;
				INFOPLIST_FILE = BubblerUITests/Info.plist;
				LD_RUNPATH_SEARCH_PATHS = (
					"$(inherited)",
					"@executable_path/Frameworks",
					"@loader_path/Frameworks",
				);
				PRODUCT_BUNDLE_IDENTIFIER = samkirkapps.BubblerUITests;
				PRODUCT_NAME = "$(TARGET_NAME)";
				SWIFT_VERSION = 5.0;
				TARGETED_DEVICE_FAMILY = "1,2";
				TEST_TARGET_NAME = Bubbler;
			};
			name = Release;
		};
/* End XCBuildConfiguration section */

/* Begin XCConfigurationList section */
		2256D0E22608DA6800C61DC7 /* Build configuration list for PBXProject "Bubbler" */ = {
			isa = XCConfigurationList;
			buildConfigurations = (
				2256D10A2608DA6900C61DC7 /* Debug */,
				2256D10B2608DA6900C61DC7 /* Release */,
			);
			defaultConfigurationIsVisible = 0;
			defaultConfigurationName = Release;
		};
		2256D10C2608DA6900C61DC7 /* Build configuration list for PBXNativeTarget "Bubbler" */ = {
			isa = XCConfigurationList;
			buildConfigurations = (
				2256D10D2608DA6900C61DC7 /* Debug */,
				2256D10E2608DA6900C61DC7 /* Release */,
			);
			defaultConfigurationIsVisible = 0;
			defaultConfigurationName = Release;
		};
		2256D10F2608DA6900C61DC7 /* Build configuration list for PBXNativeTarget "BubblerTests" */ = {
			isa = XCConfigurationList;
			buildConfigurations = (
				2256D1102608DA6900C61DC7 /* Debug */,
				2256D1112608DA6900C61DC7 /* Release */,
			);
			defaultConfigurationIsVisible = 0;
			defaultConfigurationName = Release;
		};
		2256D1122608DA6900C61DC7 /* Build configuration list for PBXNativeTarget "BubblerUITests" */ = {
			isa = XCConfigurationList;
			buildConfigurations = (
				2256D1132608DA6900C61DC7 /* Debug */,
				2256D1142608DA6900C61DC7 /* Release */,
			);
			defaultConfigurationIsVisible = 0;
			defaultConfigurationName = Release;
		};
/* End XCConfigurationList section */
	};
	rootObject = 2256D0DF2608DA6800C61DC7 /* Project object */;
}
